Microsoft Visual Studio Solution File, Format Version 12.00
# Visual Studio Version 17
VisualStudioVersion = 17.5.2.0
MinimumVisualStudioVersion = 10.0.40219.1
Project("{2150E333-8FDC-42A3-9474-1A3956D46DE8}") = "native", "native", "{2F2BA0B1-8447-348E-8DA4-622F0257D38B}"
EndProject
Project("{FAE04EC0-301F-11D3-BF4B-00C04F79EFBC}") = "InputBlocker", "native\InputBlocker\InputBlocker.csproj", "{D14407B7-F8AA-5B6F-E169-3B990D816825}"
EndProject
Global
	GlobalSection(SolutionConfigurationPlatforms) = preSolution
		Debug|Any CPU = Debug|Any CPU
		Release|Any CPU = Release|Any CPU
	EndGlobalSection
	GlobalSection(ProjectConfigurationPlatforms) = postSolution
		{D14407B7-F8AA-5B6F-E169-3B990D816825}.Debug|Any CPU.ActiveCfg = Debug|Any CPU
		{D14407B7-F8AA-5B6F-E169-3B990D816825}.Debug|Any CPU.Build.0 = Debug|Any CPU
		{D14407B7-F8AA-5B6F-E169-3B990D816825}.Release|Any CPU.ActiveCfg = Release|Any CPU
		{D14407B7-F8AA-5B6F-E169-3B990D816825}.Release|Any CPU.Build.0 = Release|Any CPU
	EndGlobalSection
	GlobalSection(SolutionProperties) = preSolution
		HideSolutionNode = FALSE
	EndGlobalSection
	GlobalSection(NestedProjects) = preSolution
		{D14407B7-F8AA-5B6F-E169-3B990D816825} = {2F2BA0B1-8447-348E-8DA4-622F0257D38B}
	EndGlobalSection
	GlobalSection(ExtensibilityGlobals) = postSolution
		SolutionGuid = {A5B9B4DC-3DA7-41E5-A436-A1BF5A8DED96}
	EndGlobalSection
EndGlobal
